
Microsoft Visual Studio Solution File, Format Version 12.00
# Visual Studio 15
VisualStudioVersion = 15.0.28307.1300
MinimumVisualStudioVersion = 10.0.40219.1
Project("{FAE04EC0-301F-11D3-BF4B-00C04F79EFBC}") = "TeknikServisOtomasyon", "TeknikServisOtomasyon\TeknikServisOtomasyon.csproj", "{842EF4BA-BD3E-481B-AC89-5384DAE7F1FC}"
EndProject
Global
	GlobalSection(SolutionConfigurationPlatforms) = preSolution
		Debug|Any CPU = Debug|Any CPU
		Release|Any CPU = Release|Any CPU
	EndGlobalSection
	GlobalSection(ProjectConfigurationPlatforms) = postSolution
		{842EF4BA-BD3E-481B-AC89-5384DAE7F1FC}.Debug|Any CPU.ActiveCfg = Debug|Any CPU
		{842EF4BA-BD3E-481B-AC89-5384DAE7F1FC}.Debug|Any CPU.Build.0 = Debug|Any CPU
		{842EF4BA-BD3E-481B-AC89-5384DAE7F1FC}.Release|Any CPU.ActiveCfg = Release|Any CPU
		{842EF4BA-BD3E-481B-AC89-5384DAE7F1FC}.Release|Any CPU.Build.0 = Release|Any CPU
	EndGlobalSection
	GlobalSection(SolutionProperties) = preSolution
		HideSolutionNode = FALSE
	EndGlobalSection
	GlobalSection(ExtensibilityGlobals) = postSolution
		SolutionGuid = {389E1EB1-6BA4-4B3B-9168-BBF3A24A01AA}
	EndGlobalSection
EndGlobal
